
Microsoft Visual Studio Solution File, Format Version 12.00
# Visual Studio Version 17
VisualStudioVersion = 17.2.32526.322
MinimumVisualStudioVersion = 10.0.40219.1
Project("{FAE04EC0-301F-11D3-BF4B-00C04F79EFBC}") = "SteamManager", "SteamManager\SteamManager.csproj", "{B7014B7D-B913-47FE-9EF3-93C6FA4E81D5}"
EndProject
Global
	GlobalSection(SolutionConfigurationPlatforms) = preSolution
		Debug|Any CPU = Debug|Any CPU
		Release|Any CPU = Release|Any CPU
	EndGlobalSection
	GlobalSection(ProjectConfigurationPlatforms) = postSolution
		{B7014B7D-B913-47FE-9EF3-93C6FA4E81D5}.Debug|Any CPU.ActiveCfg = Debug|Any CPU
		{B7014B7D-B913-47FE-9EF3-93C6FA4E81D5}.Debug|Any CPU.Build.0 = Debug|Any CPU
		{B7014B7D-B913-47FE-9EF3-93C6FA4E81D5}.Release|Any CPU.ActiveCfg = Release|Any CPU
		{B7014B7D-B913-47FE-9EF3-93C6FA4E81D5}.Release|Any CPU.Build.0 = Release|Any CPU
	EndGlobalSection
	GlobalSection(SolutionProperties) = preSolution
		HideSolutionNode = FALSE
	EndGlobalSection
	GlobalSection(ExtensibilityGlobals) = postSolution
		SolutionGuid = {7E3C99EA-4D99-4BFB-B7CC-B1A8F356C160}
	EndGlobalSection
EndGlobal
